
Microsoft Visual Studio Solution File, Format Version 12.00
# Visual Studio Version 16
VisualStudioVersion = 16.0.31005.135
MinimumVisualStudioVersion = 10.0.40219.1
Project("{FAE04EC0-301F-11D3-BF4B-00C04F79EFBC}") = "ClassAcceso", "ClassAcceso\ClassAcceso.csproj", "{379D662F-C62F-4F58-90EC-90465CCE3C73}"
EndProject
Project("{FAE04EC0-301F-11D3-BF4B-00C04F79EFBC}") = "ClassNegocio", "ClassNegocio\ClassNegocio.csproj", "{60BEC06D-F460-4BFE-9FD4-14CCC445C905}"
EndProject
Project("{FAE04EC0-301F-11D3-BF4B-00C04F79EFBC}") = "ClassEntidad", "ClassEntidad\ClassEntidad.csproj", "{28307931-D503-4DC6-B96B-2C26DE3DF6B7}"
EndProject
Global
	GlobalSection(SolutionConfigurationPlatforms) = preSolution
		Debug|Any CPU = Debug|Any CPU
		Release|Any CPU = Release|Any CPU
	EndGlobalSection
	GlobalSection(ProjectConfigurationPlatforms) = postSolution
		{379D662F-C62F-4F58-90EC-90465CCE3C73}.Debug|Any CPU.ActiveCfg = Debug|Any CPU
		{379D662F-C62F-4F58-90EC-90465CCE3C73}.Debug|Any CPU.Build.0 = Debug|Any CPU
		{379D662F-C62F-4F58-90EC-90465CCE3C73}.Release|Any CPU.ActiveCfg = Release|Any CPU
		{379D662F-C62F-4F58-90EC-90465CCE3C73}.Release|Any CPU.Build.0 = Release|Any CPU
		{60BEC06D-F460-4BFE-9FD4-14CCC445C905}.Debug|Any CPU.ActiveCfg = Debug|Any CPU
		{60BEC06D-F460-4BFE-9FD4-14CCC445C905}.Debug|Any CPU.Build.0 = Debug|Any CPU
		{60BEC06D-F460-4BFE-9FD4-14CCC445C905}.Release|Any CPU.ActiveCfg = Release|Any CPU
		{60BEC06D-F460-4BFE-9FD4-14CCC445C905}.Release|Any CPU.Build.0 = Release|Any CPU
		{28307931-D503-4DC6-B96B-2C26DE3DF6B7}.Debug|Any CPU.ActiveCfg = Debug|Any CPU
		{28307931-D503-4DC6-B96B-2C26DE3DF6B7}.Debug|Any CPU.Build.0 = Debug|Any CPU
		{28307931-D503-4DC6-B96B-2C26DE3DF6B7}.Release|Any CPU.ActiveCfg = Release|Any CPU
		{28307931-D503-4DC6-B96B-2C26DE3DF6B7}.Release|Any CPU.Build.0 = Release|Any CPU
	EndGlobalSection
	GlobalSection(SolutionProperties) = preSolution
		HideSolutionNode = FALSE
	EndGlobalSection
	GlobalSection(ExtensibilityGlobals) = postSolution
		SolutionGuid = {42ED089D-1396-4A42-9AAE-2DE7C65D7A1D}
	EndGlobalSection
EndGlobal
